
Microsoft Visual Studio Solution File, Format Version 12.00
# Visual Studio 14
VisualStudioVersion = 14.0.25420.1
MinimumVisualStudioVersion = 10.0.40219.1
Project("{FAE04EC0-301F-11D3-BF4B-00C04F79EFBC}") = "InfiniteCreations", "InfiniteCreations\InfiniteCreations.csproj", "{B0E7DF34-5EA1-4928-B1CD-79D7CE28B4BF}"
EndProject
Project("{FAE04EC0-301F-11D3-BF4B-00C04F79EFBC}") = "IC_Core", "IC_Core\IC_Core.csproj", "{917715B7-2216-417B-87B1-646E022F26EB}"
EndProject
Global
	GlobalSection(SolutionConfigurationPlatforms) = preSolution
		Debug|Any CPU = Debug|Any CPU
		Release|Any CPU = Release|Any CPU
	EndGlobalSection
	GlobalSection(ProjectConfigurationPlatforms) = postSolution
		{B0E7DF34-5EA1-4928-B1CD-79D7CE28B4BF}.Debug|Any CPU.ActiveCfg = Debug|Any CPU
		{B0E7DF34-5EA1-4928-B1CD-79D7CE28B4BF}.Debug|Any CPU.Build.0 = Debug|Any CPU
		{B0E7DF34-5EA1-4928-B1CD-79D7CE28B4BF}.Release|Any CPU.ActiveCfg = Release|Any CPU
		{B0E7DF34-5EA1-4928-B1CD-79D7CE28B4BF}.Release|Any CPU.Build.0 = Release|Any CPU
		{917715B7-2216-417B-87B1-646E022F26EB}.Debug|Any CPU.ActiveCfg = Debug|Any CPU
		{917715B7-2216-417B-87B1-646E022F26EB}.Debug|Any CPU.Build.0 = Debug|Any CPU
		{917715B7-2216-417B-87B1-646E022F26EB}.Release|Any CPU.ActiveCfg = Release|Any CPU
		{917715B7-2216-417B-87B1-646E022F26EB}.Release|Any CPU.Build.0 = Release|Any CPU
	EndGlobalSection
	GlobalSection(SolutionProperties) = preSolution
		HideSolutionNode = FALSE
	EndGlobalSection
EndGlobal
